
Microsoft Visual Studio Solution File, Format Version 12.00
# Visual Studio 15
VisualStudioVersion = 15.0.28307.136
MinimumVisualStudioVersion = 10.0.40219.1
Project("{8BC9CEB8-8B4A-11D0-8D11-00A0C91BC942}") = "IRSensor", "IRSensor\IRSensor.vcxproj", "{C5F80730-F44F-4478-BDAE-6634EFC2CA88}"
EndProject
Project("{8BC9CEB8-8B4A-11D0-8D11-00A0C91BC942}") = "TCRT5000", "TCRT5000\TCRT5000.vcxproj", "{95865A05-6016-413E-80A6-4410B752BFFD}"
EndProject
Project("{8BC9CEB8-8B4A-11D0-8D11-00A0C91BC942}") = "SumoRobot", "SumoRobot\SumoRobot.vcxproj", "{54D7443C-92BF-4FF4-8914-8F4D41C3C100}"
EndProject
Project("{2150E333-8FDC-42A3-9474-1A3956D46DE8}") = "Tests", "Tests", "{7059C1C7-D1F9-41E3-94E3-C86CA8063177}"
EndProject
Project("{8BC9CEB8-8B4A-11D0-8D11-00A0C91BC942}") = "SensorStatesControllerTest", "SensorStatesControllerTest\SensorStatesControllerTest.vcxproj", "{A3A6BE05-2DB3-4EF5-97EE-53D0C022F07B}"
EndProject
Project("{8BC9CEB8-8B4A-11D0-8D11-00A0C91BC942}") = "ModeSearchForTargetTest", "ModeSearchForTargetTest\ModeSearchForTargetTest.vcxproj", "{FE9E0406-7693-4AF4-8598-388A6DA65CC4}"
EndProject
Project("{8BC9CEB8-8B4A-11D0-8D11-00A0C91BC942}") = "MovementManagerTest", "MovementManagerTest\MovementManagerTest.vcxproj", "{1F6E258D-3CCD-4202-84D8-32637ACC3C63}"
EndProject
Project("{8BC9CEB8-8B4A-11D0-8D11-00A0C91BC942}") = "EngineDriverTest", "EngineDriverTest\EngineDriverTest.vcxproj", "{952DE23A-0467-435C-B343-983D42F2026D}"
EndProject
Global
	GlobalSection(SolutionConfigurationPlatforms) = preSolution
		Debug|x86 = Debug|x86
		Release|x86 = Release|x86
	EndGlobalSection
	GlobalSection(ProjectConfigurationPlatforms) = postSolution
		{C5F80730-F44F-4478-BDAE-6634EFC2CA88}.Debug|x86.ActiveCfg = Debug|Win32
		{C5F80730-F44F-4478-BDAE-6634EFC2CA88}.Release|x86.ActiveCfg = Release|Win32
		{C5F80730-F44F-4478-BDAE-6634EFC2CA88}.Release|x86.Build.0 = Release|Win32
		{95865A05-6016-413E-80A6-4410B752BFFD}.Debug|x86.ActiveCfg = Debug|Win32
		{95865A05-6016-413E-80A6-4410B752BFFD}.Debug|x86.Build.0 = Debug|Win32
		{95865A05-6016-413E-80A6-4410B752BFFD}.Release|x86.ActiveCfg = Release|Win32
		{95865A05-6016-413E-80A6-4410B752BFFD}.Release|x86.Build.0 = Release|Win32
		{54D7443C-92BF-4FF4-8914-8F4D41C3C100}.Debug|x86.ActiveCfg = Debug|Win32
		{54D7443C-92BF-4FF4-8914-8F4D41C3C100}.Debug|x86.Build.0 = Debug|Win32
		{54D7443C-92BF-4FF4-8914-8F4D41C3C100}.Release|x86.ActiveCfg = Release|Win32
		{54D7443C-92BF-4FF4-8914-8F4D41C3C100}.Release|x86.Build.0 = Release|Win32
		{A3A6BE05-2DB3-4EF5-97EE-53D0C022F07B}.Debug|x86.ActiveCfg = Debug|Win32
		{A3A6BE05-2DB3-4EF5-97EE-53D0C022F07B}.Debug|x86.Build.0 = Debug|Win32
		{A3A6BE05-2DB3-4EF5-97EE-53D0C022F07B}.Release|x86.ActiveCfg = Release|Win32
		{A3A6BE05-2DB3-4EF5-97EE-53D0C022F07B}.Release|x86.Build.0 = Release|Win32
		{FE9E0406-7693-4AF4-8598-388A6DA65CC4}.Debug|x86.ActiveCfg = Debug|Win32
		{FE9E0406-7693-4AF4-8598-388A6DA65CC4}.Debug|x86.Build.0 = Debug|Win32
		{FE9E0406-7693-4AF4-8598-388A6DA65CC4}.Release|x86.ActiveCfg = Release|Win32
		{FE9E0406-7693-4AF4-8598-388A6DA65CC4}.Release|x86.Build.0 = Release|Win32
		{1F6E258D-3CCD-4202-84D8-32637ACC3C63}.Debug|x86.ActiveCfg = Debug|Win32
		{1F6E258D-3CCD-4202-84D8-32637ACC3C63}.Debug|x86.Build.0 = Debug|Win32
		{1F6E258D-3CCD-4202-84D8-32637ACC3C63}.Release|x86.ActiveCfg = Release|Win32
		{1F6E258D-3CCD-4202-84D8-32637ACC3C63}.Release|x86.Build.0 = Release|Win32
		{952DE23A-0467-435C-B343-983D42F2026D}.Debug|x86.ActiveCfg = Debug|Win32
		{952DE23A-0467-435C-B343-983D42F2026D}.Debug|x86.Build.0 = Debug|Win32
		{952DE23A-0467-435C-B343-983D42F2026D}.Release|x86.ActiveCfg = Release|Win32
		{952DE23A-0467-435C-B343-983D42F2026D}.Release|x86.Build.0 = Release|Win32
	EndGlobalSection
	GlobalSection(SolutionProperties) = preSolution
		HideSolutionNode = FALSE
	EndGlobalSection
	GlobalSection(NestedProjects) = preSolution
		{C5F80730-F44F-4478-BDAE-6634EFC2CA88} = {7059C1C7-D1F9-41E3-94E3-C86CA8063177}
		{95865A05-6016-413E-80A6-4410B752BFFD} = {7059C1C7-D1F9-41E3-94E3-C86CA8063177}
		{A3A6BE05-2DB3-4EF5-97EE-53D0C022F07B} = {7059C1C7-D1F9-41E3-94E3-C86CA8063177}
		{FE9E0406-7693-4AF4-8598-388A6DA65CC4} = {7059C1C7-D1F9-41E3-94E3-C86CA8063177}
		{1F6E258D-3CCD-4202-84D8-32637ACC3C63} = {7059C1C7-D1F9-41E3-94E3-C86CA8063177}
		{952DE23A-0467-435C-B343-983D42F2026D} = {7059C1C7-D1F9-41E3-94E3-C86CA8063177}
	EndGlobalSection
	GlobalSection(ExtensibilityGlobals) = postSolution
		SolutionGuid = {C4BD9C83-C31E-4D45-93B7-8E7D8BD5ACDF}
	EndGlobalSection
EndGlobal
