<?xml version="1.0" encoding="utf-8"?>
<Project ToolsVersion="4.0" xmlns="http://schemas.microsoft.com/developer/msbuild/2003">
  <ItemGroup>
    <Filter Include="Source Files">
      <UniqueIdentifier>{4FC737F1-C7A5-4376-A066-2A32D752A2FF}</UniqueIdentifier>
      <Extensions>cpp;c;cc;cxx;def;odl;idl;hpj;bat;asm;asmx</Extensions>
    </Filter>
    <Filter Include="Header Files">
      <UniqueIdentifier>{93995380-89BD-4b04-88EB-625FBE52EBFB}</UniqueIdentifier>
      <Extensions>h;hh;hpp;hxx;hm;inl;inc;xsd</Extensions>
    </Filter>
    <Filter Include="Resource Files">
      <UniqueIdentifier>{67DA6AB6-F800-4c08-8B7A-83BB121AAD01}</UniqueIdentifier>
      <Extensions>rc;ico;cur;bmp;dlg;rc2;rct;bin;rgs;gif;jpg;jpeg;jpe;resx;tiff;tif;png;wav;mfcribbon-ms</Extensions>
    </Filter>
  </ItemGroup>
  <ItemGroup>
    <None Include="SumoRobot.ino" />
  </ItemGroup>
  <ItemGroup>
    <ClInclude Include="__vm\.SumoRobot.vsarduino.h">
      <Filter>Header Files</Filter>
    </ClInclude>
    <ClInclude Include="EngineDriver.h">
      <Filter>Header Files</Filter>
    </ClInclude>
    <ClInclude Include="SensorTCRT5000.h">
      <Filter>Header Files</Filter>
    </ClInclude>
    <ClInclude Include="MovementManager.h">
      <Filter>Header Files</Filter>
    </ClInclude>
    <ClInclude Include="AtomicMotion.h">
      <Filter>Header Files</Filter>
    </ClInclude>
    <ClInclude Include="TwoStateSensor.h">
      <Filter>Header Files</Filter>
    </ClInclude>
    <ClInclude Include="SensorStatesController.h">
      <Filter>Header Files</Filter>
    </ClInclude>
    <ClInclude Include="OnboardHardware.h">
      <Filter>Header Files</Filter>
    </ClInclude>
    <ClInclude Include="DebugHelper.h">
      <Filter>Header Files</Filter>
    </ClInclude>
    <ClInclude Include="DigitalInputSensor.h">
      <Filter>Header Files</Filter>
    </ClInclude>
    <ClInclude Include="TwoStateSensorWithDelay.h">
      <Filter>Header Files</Filter>
    </ClInclude>
    <ClInclude Include="ModeSearchForTarget.h">
      <Filter>Header Files</Filter>
    </ClInclude>
    <ClInclude Include="MovementHelper.h">
      <Filter>Header Files</Filter>
    </ClInclude>
    <ClInclude Include="ModesController.h">
      <Filter>Header Files</Filter>
    </ClInclude>
    <ClInclude Include="IMode.h">
      <Filter>Header Files</Filter>
    </ClInclude>
    <ClInclude Include="ModeBorderRotation.h">
      <Filter>Header Files</Filter>
    </ClInclude>
    <ClInclude Include="ModePushTarget.h">
      <Filter>Header Files</Filter>
    </ClInclude>
  </ItemGroup>
  <ItemGroup>
    <ClCompile Include="EngineDriver.cpp">
      <Filter>Source Files</Filter>
    </ClCompile>
    <ClCompile Include="SensorTCRT5000.cpp">
      <Filter>Source Files</Filter>
    </ClCompile>
    <ClCompile Include="MovementManager.cpp">
      <Filter>Source Files</Filter>
    </ClCompile>
    <ClCompile Include="AtomicMotion.cpp">
      <Filter>Source Files</Filter>
    </ClCompile>
    <ClCompile Include="TwoStateSensor.cpp">
      <Filter>Source Files</Filter>
    </ClCompile>
    <ClCompile Include="SensorStatesController.cpp">
      <Filter>Source Files</Filter>
    </ClCompile>
    <ClCompile Include="OnboardHardware.cpp">
      <Filter>Source Files</Filter>
    </ClCompile>
    <ClCompile Include="DebugHelper.cpp">
      <Filter>Source Files</Filter>
    </ClCompile>
    <ClCompile Include="DigitalInputSensor.cpp">
      <Filter>Source Files</Filter>
    </ClCompile>
    <ClCompile Include="TwoStateSensorWithDelay.cpp">
      <Filter>Source Files</Filter>
    </ClCompile>
    <ClCompile Include="ModeSearchForTarget.cpp">
      <Filter>Source Files</Filter>
    </ClCompile>
    <ClCompile Include="MovementHelper.cpp">
      <Filter>Source Files</Filter>
    </ClCompile>
    <ClCompile Include="ModesController.cpp">
      <Filter>Source Files</Filter>
    </ClCompile>
    <ClCompile Include="ModeBorderRotation.cpp">
      <Filter>Source Files</Filter>
    </ClCompile>
    <ClCompile Include="ModePushTarget.cpp">
      <Filter>Source Files</Filter>
    </ClCompile>
  </ItemGroup>
</Project>